PODS:
  - Action (4.3.0):
    - RxCocoa (~> 6.0)
    - RxSwift (~> 6.0)
  - Differentiator (5.0.0)
  - Domain (1.0.0):
    - RxSwift
  - Extensions (1.0.0):
    - Extensions/All (= 1.0.0)
    - RxCocoa
    - RxSwift
  - Extensions/All (1.0.0):
    - MBProgressHUD
    - RxCocoa
    - RxSwift
  - Kingfisher (6.2.1)
  - MBProgressHUD (1.2.0)
  - Networking (1.0.0):
    - RxCocoa
    - RxSwift
  - Platform (1.0.0):
    - Domain (= 1.0.0)
    - Networking (= 1.0.0)
    - RxSwift
  - Reusable (4.1.1):
    - Reusable/Storyboard (= 4.1.1)
    - Reusable/View (= 4.1.1)
  - Reusable/Storyboard (4.1.1)
  - Reusable/View (4.1.1)
  - RxCocoa (6.1.0):
    - RxRelay (= 6.1.0)
    - RxSwift (= 6.1.0)
  - RxDataSources (5.0.0):
    - Differentiator (~> 5.0)
    - RxCocoa (~> 6.0)
    - RxSwift (~> 6.0)
  - RxOptional (5.0.2):
    - RxCocoa (~> 6.0)
    - RxSwift (~> 6.0)
  - RxRelay (6.1.0):
    - RxSwift (= 6.1.0)
  - RxSwift (6.1.0)
  - SceneCore (1.0.0):
    - Domain (= 1.0.0)
    - RxCocoa
    - RxSwift
  - SwiftLint (0.43.1)

DEPENDENCIES:
  - Action
  - Domain (from `Modules`)
  - Extensions (from `Modules`)
  - Kingfisher
  - MBProgressHUD
  - Networking (from `Modules`)
  - Platform (from `Modules`)
  - Reusable
  - RxCocoa
  - RxDataSources
  - RxOptional
  - RxSwift
  - SceneCore (from `Modules`)
  - SwiftLint

SPEC REPOS:
  trunk:
    - Action
    - Differentiator
    - Kingfisher
    - MBProgressHUD
    - Reusable
    - RxCocoa
    - RxDataSources
    - RxOptional
    - RxRelay
    - RxSwift
    - SwiftLint

EXTERNAL SOURCES:
  Domain:
    :path: Modules
  Extensions:
    :path: Modules
  Networking:
    :path: Modules
  Platform:
    :path: Modules
  SceneCore:
    :path: Modules

SPEC CHECKSUMS:
  Action: 9891cd1b0a9047557d7e58e8dfae743e19d08197
  Differentiator: e8497ceab83c1b10ca233716d547b9af21b9344d
  Domain: a6fe21927f9be31e03bfa35839bbf8e4e5a7bd6f
  Extensions: 0d316fd4f6e2812b13691df4a91db22624583c1e
  Kingfisher: e71c6fac2aebb1262888cabc2cb13d313362a48f
  MBProgressHUD: 3ee5efcc380f6a79a7cc9b363dd669c5e1ae7406
  Networking: 22394d0babb16d60247a74f7b1ff9a0a5b45a5bc
  Platform: e115835cb935b0bdea8061fd700e6b79425530e0
  Reusable: 53a9acf5c536f229b31b5865782414b508252ddb
  RxCocoa: 5c51f02d562cbd94629f6c26cf0c80fe4ab8d343
  RxDataSources: aa47cc1ed6c500fa0dfecac5c979b723542d79cf
  RxOptional: 3664964c96b69dd20c9cf78bdfe546615e26eca8
  RxRelay: 483e1a19fad961b41f0b0c0bee506f46c1ae14fe
  RxSwift: a834e5c538e89eca0cae86f403f4fbf0336786ce
  SceneCore: 71e151ec2dcc096af818a70321899651ba07e3ff
  SwiftLint: 99f82d07b837b942dd563c668de129a03fc3fb52

PODFILE CHECKSUM: 34e8118dc0bb2ee76d31876a2e1129cbf9c752e6

COCOAPODS: 1.10.0
