// !$*UTF8*$!
{
	archiveVersion = 1;
	classes = {
	};
	objectVersion = 51;
	objects = {

/* Begin PBXBuildFile section */
		283394F3265E7B8C006E98F3 /* AppDelegate.swift in Sources */ = {isa = PBXBuildFile; fileRef = 283394F2265E7B8C006E98F3 /* AppDelegate.swift */; };
		283394F5265E7B8C006E98F3 /* SceneDelegate.swift in Sources */ = {isa = PBXBuildFile; fileRef = 283394F4265E7B8C006E98F3 /* SceneDelegate.swift */; };
		283394FA265E7B8C006E98F3 /* Main.storyboard in Resources */ = {isa = PBXBuildFile; fileRef = 283394F8265E7B8C006E98F3 /* Main.storyboard */; };
		283394FC265E7B90006E98F3 /* Assets.xcassets in Resources */ = {isa = PBXBuildFile; fileRef = 283394FB265E7B90006E98F3 /* Assets.xcassets */; };
		283394FF265E7B90006E98F3 /* LaunchScreen.storyboard in Resources */ = {isa = PBXBuildFile; fileRef = 283394FD265E7B90006E98F3 /* LaunchScreen.storyboard */; };
		2833950A265E7B90006E98F3 /* GithubUserTests.swift in Sources */ = {isa = PBXBuildFile; fileRef = 28339509265E7B90006E98F3 /* GithubUserTests.swift */; };
		28339515265E7B90006E98F3 /* GithubUserUITests.swift in Sources */ = {isa = PBXBuildFile; fileRef = 28339514265E7B90006E98F3 /* GithubUserUITests.swift */; };
		2833953C265FB0CF006E98F3 /* MainScene.swift in Sources */ = {isa = PBXBuildFile; fileRef = 2833953B265FB0CF006E98F3 /* MainScene.swift */; };
		2833953E265FB16F006E98F3 /* MainViewController.swift in Sources */ = {isa = PBXBuildFile; fileRef = 2833953D265FB16F006E98F3 /* MainViewController.swift */; };
		28339540265FB43B006E98F3 /* StoryBoard.swift in Sources */ = {isa = PBXBuildFile; fileRef = 2833953F265FB43B006E98F3 /* StoryBoard.swift */; };
		28339543265FB4A5006E98F3 /* BaseViewController.swift in Sources */ = {isa = PBXBuildFile; fileRef = 28339542265FB4A5006E98F3 /* BaseViewController.swift */; };
		28339546265FB83E006E98F3 /* MainViewModel.swift in Sources */ = {isa = PBXBuildFile; fileRef = 28339545265FB83E006E98F3 /* MainViewModel.swift */; };
		2833954D265FF394006E98F3 /* UserTableViewCell.swift in Sources */ = {isa = PBXBuildFile; fileRef = 2833954C265FF394006E98F3 /* UserTableViewCell.swift */; };
		2833954F265FF3FC006E98F3 /* UserTableViewCell.xib in Resources */ = {isa = PBXBuildFile; fileRef = 2833954E265FF3FC006E98F3 /* UserTableViewCell.xib */; };
		28339551265FF829006E98F3 /* UserTableViewCellModel.swift in Sources */ = {isa = PBXBuildFile; fileRef = 28339550265FF829006E98F3 /* UserTableViewCellModel.swift */; };
		7DA7CB851F85BCD27AF10B13 /* Pods_GithubUser.framework in Frameworks */ = {isa = PBXBuildFile; fileRef = 10492C364E73D35CBAF48442 /* Pods_GithubUser.framework */; };
		8A3CDAD05A4A64D2255F8259 /* Pods_GithubUser_GithubUserUITests.framework in Frameworks */ = {isa = PBXBuildFile; fileRef = 41B0DCCD80B06EB5899DBC2B /* Pods_GithubUser_GithubUserUITests.framework */; };
		A72CF376C6746B2226C5BA56 /* Pods_GithubUserTests.framework in Frameworks */ = {isa = PBXBuildFile; fileRef = 3B3A050162C6261B00397D66 /* Pods_GithubUserTests.framework */; };
/* End PBXBuildFile section */

/* Begin PBXContainerItemProxy section */
		28339506265E7B90006E98F3 /* PBXContainerItemProxy */ = {
			isa = PBXContainerItemProxy;
			containerPortal = 283394E7265E7B8C006E98F3 /* Project object */;
			proxyType = 1;
			remoteGlobalIDString = 283394EE265E7B8C006E98F3;
			remoteInfo = GithubUser;
		};
		28339511265E7B90006E98F3 /* PBXContainerItemProxy */ = {
			isa = PBXContainerItemProxy;
			containerPortal = 283394E7265E7B8C006E98F3 /* Project object */;
			proxyType = 1;
			remoteGlobalIDString = 283394EE265E7B8C006E98F3;
			remoteInfo = GithubUser;
		};
/* End PBXContainerItemProxy section */

/* Begin PBXFileReference section */
		10492C364E73D35CBAF48442 /* Pods_GithubUser.framework */ = {isa = PBXFileReference; explicitFileType = wrapper.framework; includeInIndex = 0; path = Pods_GithubUser.framework; sourceTree = BUILT_PRODUCTS_DIR; };
		26C6E48F17BD222F32824C7A /* Pods-GithubUser-GithubUserUITests.release.xcconfig */ = {isa = PBXFileReference; includeInIndex = 1; lastKnownFileType = text.xcconfig; name = "Pods-GithubUser-GithubUserUITests.release.xcconfig"; path = "Target Support Files/Pods-GithubUser-GithubUserUITests/Pods-GithubUser-GithubUserUITests.release.xcconfig"; sourceTree = "<group>"; };
		283394EF265E7B8C006E98F3 /* GithubUser.app */ = {isa = PBXFileReference; explicitFileType = wrapper.application; includeInIndex = 0; path = GithubUser.app; sourceTree = BUILT_PRODUCTS_DIR; };
		283394F2265E7B8C006E98F3 /* AppDelegate.swift */ = {isa = PBXFileReference; lastKnownFileType = sourcecode.swift; path = AppDelegate.swift; sourceTree = "<group>"; };
		283394F4265E7B8C006E98F3 /* SceneDelegate.swift */ = {isa = PBXFileReference; lastKnownFileType = sourcecode.swift; path = SceneDelegate.swift; sourceTree = "<group>"; };
		283394F9265E7B8C006E98F3 /* Base */ = {isa = PBXFileReference; lastKnownFileType = file.storyboard; name = Base; path = Base.lproj/Main.storyboard; sourceTree = "<group>"; };
		283394FB265E7B90006E98F3 /* Assets.xcassets */ = {isa = PBXFileReference; lastKnownFileType = folder.assetcatalog; path = Assets.xcassets; sourceTree = "<group>"; };
		283394FE265E7B90006E98F3 /* Base */ = {isa = PBXFileReference; lastKnownFileType = file.storyboard; name = Base; path = Base.lproj/LaunchScreen.storyboard; sourceTree = "<group>"; };
		28339500265E7B90006E98F3 /* Info.plist */ = {isa = PBXFileReference; lastKnownFileType = text.plist.xml; path = Info.plist; sourceTree = "<group>"; };
		28339505265E7B90006E98F3 /* GithubUserTests.xctest */ = {isa = PBXFileReference; explicitFileType = wrapper.cfbundle; includeInIndex = 0; path = GithubUserTests.xctest; sourceTree = BUILT_PRODUCTS_DIR; };
		28339509265E7B90006E98F3 /* GithubUserTests.swift */ = {isa = PBXFileReference; lastKnownFileType = sourcecode.swift; path = GithubUserTests.swift; sourceTree = "<group>"; };
		2833950B265E7B90006E98F3 /* Info.plist */ = {isa = PBXFileReference; lastKnownFileType = text.plist.xml; path = Info.plist; sourceTree = "<group>"; };
		28339510265E7B90006E98F3 /* GithubUserUITests.xctest */ = {isa = PBXFileReference; explicitFileType = wrapper.cfbundle; includeInIndex = 0; path = GithubUserUITests.xctest; sourceTree = BUILT_PRODUCTS_DIR; };
		28339514265E7B90006E98F3 /* GithubUserUITests.swift */ = {isa = PBXFileReference; lastKnownFileType = sourcecode.swift; path = GithubUserUITests.swift; sourceTree = "<group>"; };
		28339516265E7B90006E98F3 /* Info.plist */ = {isa = PBXFileReference; lastKnownFileType = text.plist.xml; path = Info.plist; sourceTree = "<group>"; };
		2833953B265FB0CF006E98F3 /* MainScene.swift */ = {isa = PBXFileReference; lastKnownFileType = sourcecode.swift; path = MainScene.swift; sourceTree = "<group>"; };
		2833953D265FB16F006E98F3 /* MainViewController.swift */ = {isa = PBXFileReference; lastKnownFileType = sourcecode.swift; path = MainViewController.swift; sourceTree = "<group>"; };
		2833953F265FB43B006E98F3 /* StoryBoard.swift */ = {isa = PBXFileReference; lastKnownFileType = sourcecode.swift; path = StoryBoard.swift; sourceTree = "<group>"; };
		28339542265FB4A5006E98F3 /* BaseViewController.swift */ = {isa = PBXFileReference; lastKnownFileType = sourcecode.swift; path = BaseViewController.swift; sourceTree = "<group>"; };
		28339545265FB83E006E98F3 /* MainViewModel.swift */ = {isa = PBXFileReference; lastKnownFileType = sourcecode.swift; path = MainViewModel.swift; sourceTree = "<group>"; };
		2833954C265FF394006E98F3 /* UserTableViewCell.swift */ = {isa = PBXFileReference; lastKnownFileType = sourcecode.swift; path = UserTableViewCell.swift; sourceTree = "<group>"; };
		2833954E265FF3FC006E98F3 /* UserTableViewCell.xib */ = {isa = PBXFileReference; lastKnownFileType = file.xib; path = UserTableViewCell.xib; sourceTree = "<group>"; };
		28339550265FF829006E98F3 /* UserTableViewCellModel.swift */ = {isa = PBXFileReference; lastKnownFileType = sourcecode.swift; path = UserTableViewCellModel.swift; sourceTree = "<group>"; };
		3B3A050162C6261B00397D66 /* Pods_GithubUserTests.framework */ = {isa = PBXFileReference; explicitFileType = wrapper.framework; includeInIndex = 0; path = Pods_GithubUserTests.framework; sourceTree = BUILT_PRODUCTS_DIR; };
		3F2A919E52A4101FF3681ACE /* Pods-GithubUser-GithubUserUITests.debug.xcconfig */ = {isa = PBXFileReference; includeInIndex = 1; lastKnownFileType = text.xcconfig; name = "Pods-GithubUser-GithubUserUITests.debug.xcconfig"; path = "Target Support Files/Pods-GithubUser-GithubUserUITests/Pods-GithubUser-GithubUserUITests.debug.xcconfig"; sourceTree = "<group>"; };
		41B0DCCD80B06EB5899DBC2B /* Pods_GithubUser_GithubUserUITests.framework */ = {isa = PBXFileReference; explicitFileType = wrapper.framework; includeInIndex = 0; path = Pods_GithubUser_GithubUserUITests.framework; sourceTree = BUILT_PRODUCTS_DIR; };
		63737A1CAF15BB0F682DE525 /* Pods-GithubUserTests.release.xcconfig */ = {isa = PBXFileReference; includeInIndex = 1; lastKnownFileType = text.xcconfig; name = "Pods-GithubUserTests.release.xcconfig"; path = "Target Support Files/Pods-GithubUserTests/Pods-GithubUserTests.release.xcconfig"; sourceTree = "<group>"; };
		B96249067B9B55B661CBE02B /* Pods-GithubUserTests.debug.xcconfig */ = {isa = PBXFileReference; includeInIndex = 1; lastKnownFileType = text.xcconfig; name = "Pods-GithubUserTests.debug.xcconfig"; path = "Target Support Files/Pods-GithubUserTests/Pods-GithubUserTests.debug.xcconfig"; sourceTree = "<group>"; };
		BA536BEC43336E3F55A1BD3C /* Pods-GithubUser.release.xcconfig */ = {isa = PBXFileReference; includeInIndex = 1; lastKnownFileType = text.xcconfig; name = "Pods-GithubUser.release.xcconfig"; path = "Target Support Files/Pods-GithubUser/Pods-GithubUser.release.xcconfig"; sourceTree = "<group>"; };
		E6AFCEBE1AB3350394C23ABF /* Pods-GithubUser.debug.xcconfig */ = {isa = PBXFileReference; includeInIndex = 1; lastKnownFileType = text.xcconfig; name = "Pods-GithubUser.debug.xcconfig"; path = "Target Support Files/Pods-GithubUser/Pods-GithubUser.debug.xcconfig"; sourceTree = "<group>"; };
/* End PBXFileReference section */

/* Begin PBXFrameworksBuildPhase section */
		283394EC265E7B8C006E98F3 /* Frameworks */ = {
			isa = PBXFrameworksBuildPhase;
			buildActionMask = 2147483647;
			files = (
				7DA7CB851F85BCD27AF10B13 /* Pods_GithubUser.framework in Frameworks */,
			);
			runOnlyForDeploymentPostprocessing = 0;
		};
		28339502265E7B90006E98F3 /* Frameworks */ = {
			isa = PBXFrameworksBuildPhase;
			buildActionMask = 2147483647;
			files = (
				A72CF376C6746B2226C5BA56 /* Pods_GithubUserTests.framework in Frameworks */,
			);
			runOnlyForDeploymentPostprocessing = 0;
		};
		2833950D265E7B90006E98F3 /* Frameworks */ = {
			isa = PBXFrameworksBuildPhase;
			buildActionMask = 2147483647;
			files = (
				8A3CDAD05A4A64D2255F8259 /* Pods_GithubUser_GithubUserUITests.framework in Frameworks */,
			);
			runOnlyForDeploymentPostprocessing = 0;
		};
/* End PBXFrameworksBuildPhase section */

/* Begin PBXGroup section */
		283394E6265E7B8C006E98F3 = {
			isa = PBXGroup;
			children = (
				283394F1265E7B8C006E98F3 /* GithubUser */,
				28339508265E7B90006E98F3 /* GithubUserTests */,
				28339513265E7B90006E98F3 /* GithubUserUITests */,
				283394F0265E7B8C006E98F3 /* Products */,
				4531893A72995AEC8BAC0AC3 /* Pods */,
				64900AF898C71D59198A8B8F /* Frameworks */,
			);
			sourceTree = "<group>";
		};
		283394F0265E7B8C006E98F3 /* Products */ = {
			isa = PBXGroup;
			children = (
				283394EF265E7B8C006E98F3 /* GithubUser.app */,
				28339505265E7B90006E98F3 /* GithubUserTests.xctest */,
				28339510265E7B90006E98F3 /* GithubUserUITests.xctest */,
			);
			name = Products;
			sourceTree = "<group>";
		};
		283394F1265E7B8C006E98F3 /* GithubUser */ = {
			isa = PBXGroup;
			children = (
				28339537265FAE9E006E98F3 /* AppDelegate */,
				2833953A265FAF16006E98F3 /* Controllers */,
				28339539265FAEFE006E98F3 /* Views */,
				28339536265FAE91006E98F3 /* Scenes */,
				28339538265FAEF4006E98F3 /* Storybaords */,
				283394FB265E7B90006E98F3 /* Assets.xcassets */,
				283394FD265E7B90006E98F3 /* LaunchScreen.storyboard */,
				28339500265E7B90006E98F3 /* Info.plist */,
			);
			path = GithubUser;
			sourceTree = "<group>";
		};
		28339508265E7B90006E98F3 /* GithubUserTests */ = {
			isa = PBXGroup;
			children = (
				28339509265E7B90006E98F3 /* GithubUserTests.swift */,
				2833950B265E7B90006E98F3 /* Info.plist */,
			);
			path = GithubUserTests;
			sourceTree = "<group>";
		};
		28339513265E7B90006E98F3 /* GithubUserUITests */ = {
			isa = PBXGroup;
			children = (
				28339514265E7B90006E98F3 /* GithubUserUITests.swift */,
				28339516265E7B90006E98F3 /* Info.plist */,
			);
			path = GithubUserUITests;
			sourceTree = "<group>";
		};
		28339536265FAE91006E98F3 /* Scenes */ = {
			isa = PBXGroup;
			children = (
				2833953B265FB0CF006E98F3 /* MainScene.swift */,
				2833953F265FB43B006E98F3 /* StoryBoard.swift */,
			);
			path = Scenes;
			sourceTree = "<group>";
		};
		28339537265FAE9E006E98F3 /* AppDelegate */ = {
			isa = PBXGroup;
			children = (
				283394F2265E7B8C006E98F3 /* AppDelegate.swift */,
				283394F4265E7B8C006E98F3 /* SceneDelegate.swift */,
			);
			path = AppDelegate;
			sourceTree = "<group>";
		};
		28339538265FAEF4006E98F3 /* Storybaords */ = {
			isa = PBXGroup;
			children = (
				283394F8265E7B8C006E98F3 /* Main.storyboard */,
			);
			path = Storybaords;
			sourceTree = "<group>";
		};
		28339539265FAEFE006E98F3 /* Views */ = {
			isa = PBXGroup;
			children = (
				2833954B265FF359006E98F3 /* Cells */,
			);
			path = Views;
			sourceTree = "<group>";
		};
		2833953A265FAF16006E98F3 /* Controllers */ = {
			isa = PBXGroup;
			children = (
				28339541265FB492006E98F3 /* Base */,
				28339544265FB606006E98F3 /* Main */,
			);
			path = Controllers;
			sourceTree = "<group>";
		};
		28339541265FB492006E98F3 /* Base */ = {
			isa = PBXGroup;
			children = (
				28339542265FB4A5006E98F3 /* BaseViewController.swift */,
			);
			path = Base;
			sourceTree = "<group>";
		};
		28339544265FB606006E98F3 /* Main */ = {
			isa = PBXGroup;
			children = (
				2833953D265FB16F006E98F3 /* MainViewController.swift */,
				28339545265FB83E006E98F3 /* MainViewModel.swift */,
			);
			path = Main;
			sourceTree = "<group>";
		};
		2833954B265FF359006E98F3 /* Cells */ = {
			isa = PBXGroup;
			children = (
				2833954C265FF394006E98F3 /* UserTableViewCell.swift */,
				28339550265FF829006E98F3 /* UserTableViewCellModel.swift */,
				2833954E265FF3FC006E98F3 /* UserTableViewCell.xib */,
			);
			path = Cells;
			sourceTree = "<group>";
		};
		4531893A72995AEC8BAC0AC3 /* Pods */ = {
			isa = PBXGroup;
			children = (
				E6AFCEBE1AB3350394C23ABF /* Pods-GithubUser.debug.xcconfig */,
				BA536BEC43336E3F55A1BD3C /* Pods-GithubUser.release.xcconfig */,
				3F2A919E52A4101FF3681ACE /* Pods-GithubUser-GithubUserUITests.debug.xcconfig */,
				26C6E48F17BD222F32824C7A /* Pods-GithubUser-GithubUserUITests.release.xcconfig */,
				B96249067B9B55B661CBE02B /* Pods-GithubUserTests.debug.xcconfig */,
				63737A1CAF15BB0F682DE525 /* Pods-GithubUserTests.release.xcconfig */,
			);
			path = Pods;
			sourceTree = "<group>";
		};
		64900AF898C71D59198A8B8F /* Frameworks */ = {
			isa = PBXGroup;
			children = (
				10492C364E73D35CBAF48442 /* Pods_GithubUser.framework */,
				41B0DCCD80B06EB5899DBC2B /* Pods_GithubUser_GithubUserUITests.framework */,
				3B3A050162C6261B00397D66 /* Pods_GithubUserTests.framework */,
			);
			name = Frameworks;
			sourceTree = "<group>";
		};
/* End PBXGroup section */

/* Begin PBXNativeTarget section */
		283394EE265E7B8C006E98F3 /* GithubUser */ = {
			isa = PBXNativeTarget;
			buildConfigurationList = 28339519265E7B90006E98F3 /* Build configuration list for PBXNativeTarget "GithubUser" */;
			buildPhases = (
				AA24436112E708E400DE9C8D /* [CP] Check Pods Manifest.lock */,
				283394EB265E7B8C006E98F3 /* Sources */,
				283394EC265E7B8C006E98F3 /* Frameworks */,
				283394ED265E7B8C006E98F3 /* Resources */,
				A587CC2E3880420D87B2E8A9 /* [CP] Embed Pods Frameworks */,
			);
			buildRules = (
			);
			dependencies = (
			);
			name = GithubUser;
			productName = GithubUser;
			productReference = 283394EF265E7B8C006E98F3 /* GithubUser.app */;
			productType = "com.apple.product-type.application";
		};
		28339504265E7B90006E98F3 /* GithubUserTests */ = {
			isa = PBXNativeTarget;
			buildConfigurationList = 2833951C265E7B90006E98F3 /* Build configuration list for PBXNativeTarget "GithubUserTests" */;
			buildPhases = (
				DA9A293AFA2A7298F2454D61 /* [CP] Check Pods Manifest.lock */,
				28339501265E7B90006E98F3 /* Sources */,
				28339502265E7B90006E98F3 /* Frameworks */,
				28339503265E7B90006E98F3 /* Resources */,
			);
			buildRules = (
			);
			dependencies = (
				28339507265E7B90006E98F3 /* PBXTargetDependency */,
			);
			name = GithubUserTests;
			productName = GithubUserTests;
			productReference = 28339505265E7B90006E98F3 /* GithubUserTests.xctest */;
			productType = "com.apple.product-type.bundle.unit-test";
		};
		2833950F265E7B90006E98F3 /* GithubUserUITests */ = {
			isa = PBXNativeTarget;
			buildConfigurationList = 2833951F265E7B90006E98F3 /* Build configuration list for PBXNativeTarget "GithubUserUITests" */;
			buildPhases = (
				03D7AD098784C57634103CBC /* [CP] Check Pods Manifest.lock */,
				2833950C265E7B90006E98F3 /* Sources */,
				2833950D265E7B90006E98F3 /* Frameworks */,
				2833950E265E7B90006E98F3 /* Resources */,
				15904C497D31DD680FDF792E /* [CP] Embed Pods Frameworks */,
			);
			buildRules = (
			);
			dependencies = (
				28339512265E7B90006E98F3 /* PBXTargetDependency */,
			);
			name = GithubUserUITests;
			productName = GithubUserUITests;
			productReference = 28339510265E7B90006E98F3 /* GithubUserUITests.xctest */;
			productType = "com.apple.product-type.bundle.ui-testing";
		};
/* End PBXNativeTarget section */

/* Begin PBXProject section */
		283394E7265E7B8C006E98F3 /* Project object */ = {
			isa = PBXProject;
			attributes = {
				LastSwiftUpdateCheck = 1250;
				LastUpgradeCheck = 1250;
				TargetAttributes = {
					283394EE265E7B8C006E98F3 = {
						CreatedOnToolsVersion = 12.5;
					};
					28339504265E7B90006E98F3 = {
						CreatedOnToolsVersion = 12.5;
						TestTargetID = 283394EE265E7B8C006E98F3;
					};
					2833950F265E7B90006E98F3 = {
						CreatedOnToolsVersion = 12.5;
						TestTargetID = 283394EE265E7B8C006E98F3;
					};
				};
			};
			buildConfigurationList = 283394EA265E7B8C006E98F3 /* Build configuration list for PBXProject "GithubUser" */;
			compatibilityVersion = "Xcode 9.3";
			developmentRegion = en;
			hasScannedForEncodings = 0;
			knownRegions = (
				en,
				Base,
			);
			mainGroup = 283394E6265E7B8C006E98F3;
			productRefGroup = 283394F0265E7B8C006E98F3 /* Products */;
			projectDirPath = "";
			projectRoot = "";
			targets = (
				283394EE265E7B8C006E98F3 /* GithubUser */,
				28339504265E7B90006E98F3 /* GithubUserTests */,
				2833950F265E7B90006E98F3 /* GithubUserUITests */,
			);
		};
/* End PBXProject section */

/* Begin PBXResourcesBuildPhase section */
		283394ED265E7B8C006E98F3 /* Resources */ = {
			isa = PBXResourcesBuildPhase;
			buildActionMask = 2147483647;
			files = (
				2833954F265FF3FC006E98F3 /* UserTableViewCell.xib in Resources */,
				283394FF265E7B90006E98F3 /* LaunchScreen.storyboard in Resources */,
				283394FC265E7B90006E98F3 /* Assets.xcassets in Resources */,
				283394FA265E7B8C006E98F3 /* Main.storyboard in Resources */,
			);
			runOnlyForDeploymentPostprocessing = 0;
		};
		28339503265E7B90006E98F3 /* Resources */ = {
			isa = PBXResourcesBuildPhase;
			buildActionMask = 2147483647;
			files = (
			);
			runOnlyForDeploymentPostprocessing = 0;
		};
		2833950E265E7B90006E98F3 /* Resources */ = {
			isa = PBXResourcesBuildPhase;
			buildActionMask = 2147483647;
			files = (
			);
			runOnlyForDeploymentPostprocessing = 0;
		};
/* End PBXResourcesBuildPhase section */

/* Begin PBXShellScriptBuildPhase section */
		03D7AD098784C57634103CBC /* [CP] Check Pods Manifest.lock */ = {
			isa = PBXShellScriptBuildPhase;
			buildActionMask = 2147483647;
			files = (
			);
			inputFileListPaths = (
			);
			inputPaths = (
				"${PODS_PODFILE_DIR_PATH}/Podfile.lock",
				"${PODS_ROOT}/Manifest.lock",
			);
			name = "[CP] Check Pods Manifest.lock";
			outputFileListPaths = (
			);
			outputPaths = (
				"$(DERIVED_FILE_DIR)/Pods-GithubUser-GithubUserUITests-checkManifestLockResult.txt",
			);
			runOnlyForDeploymentPostprocessing = 0;
			shellPath = /bin/sh;
			shellScript = "diff \"${PODS_PODFILE_DIR_PATH}/Podfile.lock\" \"${PODS_ROOT}/Manifest.lock\" > /dev/null\nif [ $? != 0 ] ; then\n    # print error to STDERR\n    echo \"error: The sandbox is not in sync with the Podfile.lock. Run 'pod install' or update your CocoaPods installation.\" >&2\n    exit 1\nfi\n# This output is used by Xcode 'outputs' to avoid re-running this script phase.\necho \"SUCCESS\" > \"${SCRIPT_OUTPUT_FILE_0}\"\n";
			showEnvVarsInLog = 0;
		};
		15904C497D31DD680FDF792E /* [CP] Embed Pods Frameworks */ = {
			isa = PBXShellScriptBuildPhase;
			buildActionMask = 2147483647;
			files = (
			);
			inputFileListPaths = (
				"${PODS_ROOT}/Target Support Files/Pods-GithubUser-GithubUserUITests/Pods-GithubUser-GithubUserUITests-frameworks-${CONFIGURATION}-input-files.xcfilelist",
			);
			name = "[CP] Embed Pods Frameworks";
			outputFileListPaths = (
				"${PODS_ROOT}/Target Support Files/Pods-GithubUser-GithubUserUITests/Pods-GithubUser-GithubUserUITests-frameworks-${CONFIGURATION}-output-files.xcfilelist",
			);
			runOnlyForDeploymentPostprocessing = 0;
			shellPath = /bin/sh;
			shellScript = "\"${PODS_ROOT}/Target Support Files/Pods-GithubUser-GithubUserUITests/Pods-GithubUser-GithubUserUITests-frameworks.sh\"\n";
			showEnvVarsInLog = 0;
		};
		A587CC2E3880420D87B2E8A9 /* [CP] Embed Pods Frameworks */ = {
			isa = PBXShellScriptBuildPhase;
			buildActionMask = 2147483647;
			files = (
			);
			inputFileListPaths = (
				"${PODS_ROOT}/Target Support Files/Pods-GithubUser/Pods-GithubUser-frameworks-${CONFIGURATION}-input-files.xcfilelist",
			);
			name = "[CP] Embed Pods Frameworks";
			outputFileListPaths = (
				"${PODS_ROOT}/Target Support Files/Pods-GithubUser/Pods-GithubUser-frameworks-${CONFIGURATION}-output-files.xcfilelist",
			);
			runOnlyForDeploymentPostprocessing = 0;
			shellPath = /bin/sh;
			shellScript = "\"${PODS_ROOT}/Target Support Files/Pods-GithubUser/Pods-GithubUser-frameworks.sh\"\n";
			showEnvVarsInLog = 0;
		};
		AA24436112E708E400DE9C8D /* [CP] Check Pods Manifest.lock */ = {
			isa = PBXShellScriptBuildPhase;
			buildActionMask = 2147483647;
			files = (
			);
			inputFileListPaths = (
			);
			inputPaths = (
				"${PODS_PODFILE_DIR_PATH}/Podfile.lock",
				"${PODS_ROOT}/Manifest.lock",
			);
			name = "[CP] Check Pods Manifest.lock";
			outputFileListPaths = (
			);
			outputPaths = (
				"$(DERIVED_FILE_DIR)/Pods-GithubUser-checkManifestLockResult.txt",
			);
			runOnlyForDeploymentPostprocessing = 0;
			shellPath = /bin/sh;
			shellScript = "diff \"${PODS_PODFILE_DIR_PATH}/Podfile.lock\" \"${PODS_ROOT}/Manifest.lock\" > /dev/null\nif [ $? != 0 ] ; then\n    # print error to STDERR\n    echo \"error: The sandbox is not in sync with the Podfile.lock. Run 'pod install' or update your CocoaPods installation.\" >&2\n    exit 1\nfi\n# This output is used by Xcode 'outputs' to avoid re-running this script phase.\necho \"SUCCESS\" > \"${SCRIPT_OUTPUT_FILE_0}\"\n";
			showEnvVarsInLog = 0;
		};
		DA9A293AFA2A7298F2454D61 /* [CP] Check Pods Manifest.lock */ = {
			isa = PBXShellScriptBuildPhase;
			buildActionMask = 2147483647;
			files = (
			);
			inputFileListPaths = (
			);
			inputPaths = (
				"${PODS_PODFILE_DIR_PATH}/Podfile.lock",
				"${PODS_ROOT}/Manifest.lock",
			);
			name = "[CP] Check Pods Manifest.lock";
			outputFileListPaths = (
			);
			outputPaths = (
				"$(DERIVED_FILE_DIR)/Pods-GithubUserTests-checkManifestLockResult.txt",
			);
			runOnlyForDeploymentPostprocessing = 0;
			shellPath = /bin/sh;
			shellScript = "diff \"${PODS_PODFILE_DIR_PATH}/Podfile.lock\" \"${PODS_ROOT}/Manifest.lock\" > /dev/null\nif [ $? != 0 ] ; then\n    # print error to STDERR\n    echo \"error: The sandbox is not in sync with the Podfile.lock. Run 'pod install' or update your CocoaPods installation.\" >&2\n    exit 1\nfi\n# This output is used by Xcode 'outputs' to avoid re-running this script phase.\necho \"SUCCESS\" > \"${SCRIPT_OUTPUT_FILE_0}\"\n";
			showEnvVarsInLog = 0;
		};
/* End PBXShellScriptBuildPhase section */

/* Begin PBXSourcesBuildPhase section */
		283394EB265E7B8C006E98F3 /* Sources */ = {
			isa = PBXSourcesBuildPhase;
			buildActionMask = 2147483647;
			files = (
				28339546265FB83E006E98F3 /* MainViewModel.swift in Sources */,
				28339540265FB43B006E98F3 /* StoryBoard.swift in Sources */,
				28339551265FF829006E98F3 /* UserTableViewCellModel.swift in Sources */,
				2833953C265FB0CF006E98F3 /* MainScene.swift in Sources */,
				283394F3265E7B8C006E98F3 /* AppDelegate.swift in Sources */,
				2833954D265FF394006E98F3 /* UserTableViewCell.swift in Sources */,
				283394F5265E7B8C006E98F3 /* SceneDelegate.swift in Sources */,
				2833953E265FB16F006E98F3 /* MainViewController.swift in Sources */,
				28339543265FB4A5006E98F3 /* BaseViewController.swift in Sources */,
			);
			runOnlyForDeploymentPostprocessing = 0;
		};
		28339501265E7B90006E98F3 /* Sources */ = {
			isa = PBXSourcesBuildPhase;
			buildActionMask = 2147483647;
			files = (
				2833950A265E7B90006E98F3 /* GithubUserTests.swift in Sources */,
			);
			runOnlyForDeploymentPostprocessing = 0;
		};
		2833950C265E7B90006E98F3 /* Sources */ = {
			isa = PBXSourcesBuildPhase;
			buildActionMask = 2147483647;
			files = (
				28339515265E7B90006E98F3 /* GithubUserUITests.swift in Sources */,
			);
			runOnlyForDeploymentPostprocessing = 0;
		};
/* End PBXSourcesBuildPhase section */

/* Begin PBXTargetDependency section */
		28339507265E7B90006E98F3 /* PBXTargetDependency */ = {
			isa = PBXTargetDependency;
			target = 283394EE265E7B8C006E98F3 /* GithubUser */;
			targetProxy = 28339506265E7B90006E98F3 /* PBXContainerItemProxy */;
		};
		28339512265E7B90006E98F3 /* PBXTargetDependency */ = {
			isa = PBXTargetDependency;
			target = 283394EE265E7B8C006E98F3 /* GithubUser */;
			targetProxy = 28339511265E7B90006E98F3 /* PBXContainerItemProxy */;
		};
/* End PBXTargetDependency section */

/* Begin PBXVariantGroup section */
		283394F8265E7B8C006E98F3 /* Main.storyboard */ = {
			isa = PBXVariantGroup;
			children = (
				283394F9265E7B8C006E98F3 /* Base */,
			);
			name = Main.storyboard;
			sourceTree = "<group>";
		};
		283394FD265E7B90006E98F3 /* LaunchScreen.storyboard */ = {
			isa = PBXVariantGroup;
			children = (
				283394FE265E7B90006E98F3 /* Base */,
			);
			name = LaunchScreen.storyboard;
			sourceTree = "<group>";
		};
/* End PBXVariantGroup section */

/* Begin XCBuildConfiguration section */
		28339517265E7B90006E98F3 /* Debug */ = {
			isa = XCBuildConfiguration;
			buildSettings = {
				ALWAYS_SEARCH_USER_PATHS = NO;
				CLANG_ANALYZER_NONNULL = YES;
				CLANG_ANALYZER_NUMBER_OBJECT_CONVERSION = YES_AGGRESSIVE;
				CLANG_CXX_LANGUAGE_STANDARD = "gnu++14";
				CLANG_CXX_LIBRARY = "libc++";
				CLANG_ENABLE_MODULES = YES;
				CLANG_ENABLE_OBJC_ARC = YES;
				CLANG_ENABLE_OBJC_WEAK = YES;
				CLANG_WARN_BLOCK_CAPTURE_AUTORELEASING = YES;
				CLANG_WARN_BOOL_CONVERSION = YES;
				CLANG_WARN_COMMA = YES;
				CLANG_WARN_CONSTANT_CONVERSION = YES;
				CLANG_WARN_DEPRECATED_OBJC_IMPLEMENTATIONS = YES;
				CLANG_WARN_DIRECT_OBJC_ISA_USAGE = YES_ERROR;
				CLANG_WARN_DOCUMENTATION_COMMENTS = YES;
				CLANG_WARN_EMPTY_BODY = YES;
				CLANG_WARN_ENUM_CONVERSION = YES;
				CLANG_WARN_INFINITE_RECURSION = YES;
				CLANG_WARN_INT_CONVERSION = YES;
				CLANG_WARN_NON_LITERAL_NULL_CONVERSION = YES;
				CLANG_WARN_OBJC_IMPLICIT_RETAIN_SELF = YES;
				CLANG_WARN_OBJC_LITERAL_CONVERSION = YES;
				CLANG_WARN_OBJC_ROOT_CLASS = YES_ERROR;
				CLANG_WARN_QUOTED_INCLUDE_IN_FRAMEWORK_HEADER = YES;
				CLANG_WARN_RANGE_LOOP_ANALYSIS = YES;
				CLANG_WARN_STRICT_PROTOTYPES = YES;
				CLANG_WARN_SUSPICIOUS_MOVE = YES;
				CLANG_WARN_UNGUARDED_AVAILABILITY = YES_AGGRESSIVE;
				CLANG_WARN_UNREACHABLE_CODE = YES;
				CLANG_WARN__DUPLICATE_METHOD_MATCH = YES;
				COPY_PHASE_STRIP = NO;
				DEBUG_INFORMATION_FORMAT = dwarf;
				ENABLE_STRICT_OBJC_MSGSEND = YES;
				ENABLE_TESTABILITY = YES;
				GCC_C_LANGUAGE_STANDARD = gnu11;
				GCC_DYNAMIC_NO_PIC = NO;
				GCC_NO_COMMON_BLOCKS = YES;
				GCC_OPTIMIZATION_LEVEL = 0;
				GCC_PREPROCESSOR_DEFINITIONS = (
					"DEBUG=1",
					"$(inherited)",
				);
				GCC_WARN_64_TO_32_BIT_CONVERSION = YES;
				GCC_WARN_ABOUT_RETURN_TYPE = YES_ERROR;
				GCC_WARN_UNDECLARED_SELECTOR = YES;
				GCC_WARN_UNINITIALIZED_AUTOS = YES_AGGRESSIVE;
				GCC_WARN_UNUSED_FUNCTION = YES;
				GCC_WARN_UNUSED_VARIABLE = YES;
				IPHONEOS_DEPLOYMENT_TARGET = 14.5;
				MTL_ENABLE_DEBUG_INFO = INCLUDE_SOURCE;
				MTL_FAST_MATH = YES;
				ONLY_ACTIVE_ARCH = YES;
				SDKROOT = iphoneos;
				SWIFT_ACTIVE_COMPILATION_CONDITIONS = DEBUG;
				SWIFT_OPTIMIZATION_LEVEL = "-Onone";
			};
			name = Debug;
		};
		28339518265E7B90006E98F3 /* Release */ = {
			isa = XCBuildConfiguration;
			buildSettings = {
				ALWAYS_SEARCH_USER_PATHS = NO;
				CLANG_ANALYZER_NONNULL = YES;
				CLANG_ANALYZER_NUMBER_OBJECT_CONVERSION = YES_AGGRESSIVE;
				CLANG_CXX_LANGUAGE_STANDARD = "gnu++14";
				CLANG_CXX_LIBRARY = "libc++";
				CLANG_ENABLE_MODULES = YES;
				CLANG_ENABLE_OBJC_ARC = YES;
				CLANG_ENABLE_OBJC_WEAK = YES;
				CLANG_WARN_BLOCK_CAPTURE_AUTORELEASING = YES;
				CLANG_WARN_BOOL_CONVERSION = YES;
				CLANG_WARN_COMMA = YES;
				CLANG_WARN_CONSTANT_CONVERSION = YES;
				CLANG_WARN_DEPRECATED_OBJC_IMPLEMENTATIONS = YES;
				CLANG_WARN_DIRECT_OBJC_ISA_USAGE = YES_ERROR;
				CLANG_WARN_DOCUMENTATION_COMMENTS = YES;
				CLANG_WARN_EMPTY_BODY = YES;
				CLANG_WARN_ENUM_CONVERSION = YES;
				CLANG_WARN_INFINITE_RECURSION = YES;
				CLANG_WARN_INT_CONVERSION = YES;
				CLANG_WARN_NON_LITERAL_NULL_CONVERSION = YES;
				CLANG_WARN_OBJC_IMPLICIT_RETAIN_SELF = YES;
				CLANG_WARN_OBJC_LITERAL_CONVERSION = YES;
				CLANG_WARN_OBJC_ROOT_CLASS = YES_ERROR;
				CLANG_WARN_QUOTED_INCLUDE_IN_FRAMEWORK_HEADER = YES;
				CLANG_WARN_RANGE_LOOP_ANALYSIS = YES;
				CLANG_WARN_STRICT_PROTOTYPES = YES;
				CLANG_WARN_SUSPICIOUS_MOVE = YES;
				CLANG_WARN_UNGUARDED_AVAILABILITY = YES_AGGRESSIVE;
				CLANG_WARN_UNREACHABLE_CODE = YES;
				CLANG_WARN__DUPLICATE_METHOD_MATCH = YES;
				COPY_PHASE_STRIP = NO;
				DEBUG_INFORMATION_FORMAT = "dwarf-with-dsym";
				ENABLE_NS_ASSERTIONS = NO;
				ENABLE_STRICT_OBJC_MSGSEND = YES;
				GCC_C_LANGUAGE_STANDARD = gnu11;
				GCC_NO_COMMON_BLOCKS = YES;
				GCC_WARN_64_TO_32_BIT_CONVERSION = YES;
				GCC_WARN_ABOUT_RETURN_TYPE = YES_ERROR;
				GCC_WARN_UNDECLARED_SELECTOR = YES;
				GCC_WARN_UNINITIALIZED_AUTOS = YES_AGGRESSIVE;
				GCC_WARN_UNUSED_FUNCTION = YES;
				GCC_WARN_UNUSED_VARIABLE = YES;
				IPHONEOS_DEPLOYMENT_TARGET = 14.5;
				MTL_ENABLE_DEBUG_INFO = NO;
				MTL_FAST_MATH = YES;
				SDKROOT = iphoneos;
				SWIFT_COMPILATION_MODE = wholemodule;
				SWIFT_OPTIMIZATION_LEVEL = "-O";
				VALIDATE_PRODUCT = YES;
			};
			name = Release;
		};
		2833951A265E7B90006E98F3 /* Debug */ = {
			isa = XCBuildConfiguration;
			baseConfigurationReference = E6AFCEBE1AB3350394C23ABF /* Pods-GithubUser.debug.xcconfig */;
			buildSettings = {
				ASSETCATALOG_COMPILER_APPICON_NAME = AppIcon;
				ASSETCATALOG_COMPILER_GLOBAL_ACCENT_COLOR_NAME = AccentColor;
				CODE_SIGN_STYLE = Automatic;
				INFOPLIST_FILE = GithubUser/Info.plist;
				IPHONEOS_DEPLOYMENT_TARGET = 13.0;
				LD_RUNPATH_SEARCH_PATHS = (
					"$(inherited)",
					"@executable_path/Frameworks",
				);
				PRODUCT_BUNDLE_IDENTIFIER = com.test.GithubUser;
				PRODUCT_NAME = "$(TARGET_NAME)";
				SWIFT_VERSION = 5.0;
				TARGETED_DEVICE_FAMILY = "1,2";
			};
			name = Debug;
		};
		2833951B265E7B90006E98F3 /* Release */ = {
			isa = XCBuildConfiguration;
			baseConfigurationReference = BA536BEC43336E3F55A1BD3C /* Pods-GithubUser.release.xcconfig */;
			buildSettings = {
				ASSETCATALOG_COMPILER_APPICON_NAME = AppIcon;
				ASSETCATALOG_COMPILER_GLOBAL_ACCENT_COLOR_NAME = AccentColor;
				CODE_SIGN_STYLE = Automatic;
				INFOPLIST_FILE = GithubUser/Info.plist;
				IPHONEOS_DEPLOYMENT_TARGET = 13.0;
				LD_RUNPATH_SEARCH_PATHS = (
					"$(inherited)",
					"@executable_path/Frameworks",
				);
				PRODUCT_BUNDLE_IDENTIFIER = com.test.GithubUser;
				PRODUCT_NAME = "$(TARGET_NAME)";
				SWIFT_VERSION = 5.0;
				TARGETED_DEVICE_FAMILY = "1,2";
			};
			name = Release;
		};
		2833951D265E7B90006E98F3 /* Debug */ = {
			isa = XCBuildConfiguration;
			baseConfigurationReference = B96249067B9B55B661CBE02B /* Pods-GithubUserTests.debug.xcconfig */;
			buildSettings = {
				ALWAYS_EMBED_SWIFT_STANDARD_LIBRARIES = YES;
				BUNDLE_LOADER = "$(TEST_HOST)";
				CODE_SIGN_STYLE = Automatic;
				INFOPLIST_FILE = GithubUserTests/Info.plist;
				IPHONEOS_DEPLOYMENT_TARGET = 14.5;
				LD_RUNPATH_SEARCH_PATHS = (
					"$(inherited)",
					"@executable_path/Frameworks",
					"@loader_path/Frameworks",
				);
				PRODUCT_BUNDLE_IDENTIFIER = com.test.GithubUserTests;
				PRODUCT_NAME = "$(TARGET_NAME)";
				SWIFT_VERSION = 5.0;
				TARGETED_DEVICE_FAMILY = "1,2";
				TEST_HOST = "$(BUILT_PRODUCTS_DIR)/GithubUser.app/GithubUser";
			};
			name = Debug;
		};
		2833951E265E7B90006E98F3 /* Release */ = {
			isa = XCBuildConfiguration;
			baseConfigurationReference = 63737A1CAF15BB0F682DE525 /* Pods-GithubUserTests.release.xcconfig */;
			buildSettings = {
				ALWAYS_EMBED_SWIFT_STANDARD_LIBRARIES = YES;
				BUNDLE_LOADER = "$(TEST_HOST)";
				CODE_SIGN_STYLE = Automatic;
				INFOPLIST_FILE = GithubUserTests/Info.plist;
				IPHONEOS_DEPLOYMENT_TARGET = 14.5;
				LD_RUNPATH_SEARCH_PATHS = (
					"$(inherited)",
					"@executable_path/Frameworks",
					"@loader_path/Frameworks",
				);
				PRODUCT_BUNDLE_IDENTIFIER = com.test.GithubUserTests;
				PRODUCT_NAME = "$(TARGET_NAME)";
				SWIFT_VERSION = 5.0;
				TARGETED_DEVICE_FAMILY = "1,2";
				TEST_HOST = "$(BUILT_PRODUCTS_DIR)/GithubUser.app/GithubUser";
			};
			name = Release;
		};
		28339520265E7B90006E98F3 /* Debug */ = {
			isa = XCBuildConfiguration;
			baseConfigurationReference = 3F2A919E52A4101FF3681ACE /* Pods-GithubUser-GithubUserUITests.debug.xcconfig */;
			buildSettings = {
				ALWAYS_EMBED_SWIFT_STANDARD_LIBRARIES = YES;
				CODE_SIGN_STYLE = Automatic;
				INFOPLIST_FILE = GithubUserUITests/Info.plist;
				LD_RUNPATH_SEARCH_PATHS = (
					"$(inherited)",
					"@executable_path/Frameworks",
					"@loader_path/Frameworks",
				);
				PRODUCT_BUNDLE_IDENTIFIER = com.test.GithubUserUITests;
				PRODUCT_NAME = "$(TARGET_NAME)";
				SWIFT_VERSION = 5.0;
				TARGETED_DEVICE_FAMILY = "1,2";
				TEST_TARGET_NAME = GithubUser;
			};
			name = Debug;
		};
		28339521265E7B90006E98F3 /* Release */ = {
			isa = XCBuildConfiguration;
			baseConfigurationReference = 26C6E48F17BD222F32824C7A /* Pods-GithubUser-GithubUserUITests.release.xcconfig */;
			buildSettings = {
				ALWAYS_EMBED_SWIFT_STANDARD_LIBRARIES = YES;
				CODE_SIGN_STYLE = Automatic;
				INFOPLIST_FILE = GithubUserUITests/Info.plist;
				LD_RUNPATH_SEARCH_PATHS = (
					"$(inherited)",
					"@executable_path/Frameworks",
					"@loader_path/Frameworks",
				);
				PRODUCT_BUNDLE_IDENTIFIER = com.test.GithubUserUITests;
				PRODUCT_NAME = "$(TARGET_NAME)";
				SWIFT_VERSION = 5.0;
				TARGETED_DEVICE_FAMILY = "1,2";
				TEST_TARGET_NAME = GithubUser;
			};
			name = Release;
		};
/* End XCBuildConfiguration section */

/* Begin XCConfigurationList section */
		283394EA265E7B8C006E98F3 /* Build configuration list for PBXProject "GithubUser" */ = {
			isa = XCConfigurationList;
			buildConfigurations = (
				28339517265E7B90006E98F3 /* Debug */,
				28339518265E7B90006E98F3 /* Release */,
			);
			defaultConfigurationIsVisible = 0;
			defaultConfigurationName = Release;
		};
		28339519265E7B90006E98F3 /* Build configuration list for PBXNativeTarget "GithubUser" */ = {
			isa = XCConfigurationList;
			buildConfigurations = (
				2833951A265E7B90006E98F3 /* Debug */,
				2833951B265E7B90006E98F3 /* Release */,
			);
			defaultConfigurationIsVisible = 0;
			defaultConfigurationName = Release;
		};
		2833951C265E7B90006E98F3 /* Build configuration list for PBXNativeTarget "GithubUserTests" */ = {
			isa = XCConfigurationList;
			buildConfigurations = (
				2833951D265E7B90006E98F3 /* Debug */,
				2833951E265E7B90006E98F3 /* Release */,
			);
			defaultConfigurationIsVisible = 0;
			defaultConfigurationName = Release;
		};
		2833951F265E7B90006E98F3 /* Build configuration list for PBXNativeTarget "GithubUserUITests" */ = {
			isa = XCConfigurationList;
			buildConfigurations = (
				28339520265E7B90006E98F3 /* Debug */,
				28339521265E7B90006E98F3 /* Release */,
			);
			defaultConfigurationIsVisible = 0;
			defaultConfigurationName = Release;
		};
/* End XCConfigurationList section */
	};
	rootObject = 283394E7265E7B8C006E98F3 /* Project object */;
}
